
Microsoft Visual Studio Solution File, Format Version 11.00
# Visual Studio 2010
Project("{FAE04EC0-301F-11D3-BF4B-00C04F79EFBC}") = "NYCML4D", "Assembly-CSharp.csproj", "{5B5C46EC-ED5A-299C-5503-A2102CC92067}"
EndProject
Project("{FAE04EC0-301F-11D3-BF4B-00C04F79EFBC}") = "NYCML4D", "Assembly-CSharp-Editor.csproj", "{27D2AE3B-85DA-9A35-D7BA-F4BCBBF304DE}"
EndProject
Global
	GlobalSection(SolutionConfigurationPlatforms) = preSolution
		Debug|Any CPU = Debug|Any CPU
		Release|Any CPU = Release|Any CPU
	EndGlobalSection
	GlobalSection(ProjectConfigurationPlatforms) = postSolution
		{5B5C46EC-ED5A-299C-5503-A2102CC92067}.Debug|Any CPU.ActiveCfg = Debug|Any CPU
		{5B5C46EC-ED5A-299C-5503-A2102CC92067}.Debug|Any CPU.Build.0 = Debug|Any CPU
		{5B5C46EC-ED5A-299C-5503-A2102CC92067}.Release|Any CPU.ActiveCfg = Release|Any CPU
		{5B5C46EC-ED5A-299C-5503-A2102CC92067}.Release|Any CPU.Build.0 = Release|Any CPU
		{27D2AE3B-85DA-9A35-D7BA-F4BCBBF304DE}.Debug|Any CPU.ActiveCfg = Debug|Any CPU
		{27D2AE3B-85DA-9A35-D7BA-F4BCBBF304DE}.Debug|Any CPU.Build.0 = Debug|Any CPU
		{27D2AE3B-85DA-9A35-D7BA-F4BCBBF304DE}.Release|Any CPU.ActiveCfg = Release|Any CPU
		{27D2AE3B-85DA-9A35-D7BA-F4BCBBF304DE}.Release|Any CPU.Build.0 = Release|Any CPU
	EndGlobalSection
	GlobalSection(SolutionProperties) = preSolution
		HideSolutionNode = FALSE
	EndGlobalSection
	GlobalSection(MonoDevelopProperties) = preSolution
		StartupItem = Assembly-CSharp.csproj
	EndGlobalSection
EndGlobal
